
Microsoft Visual Studio Solution File, Format Version 12.00
# Visual Studio Version 17
VisualStudioVersion = 17.14.36221.1 d17.14
MinimumVisualStudioVersion = 10.0.40219.1
Project("{FAE04EC0-301F-11D3-BF4B-00C04F79EFBC}") = "SegmentationTest", "SegmentationTest.csproj", "{7248B19D-5D08-4972-B48A-D63757F97B06}"
EndProject
Global
	GlobalSection(SolutionConfigurationPlatforms) = preSolution
		Debug|Any CPU = Debug|Any CPU
		Release|Any CPU = Release|Any CPU
	EndGlobalSection
	GlobalSection(ProjectConfigurationPlatforms) = postSolution
		{7248B19D-5D08-4972-B48A-D63757F97B06}.Debug|Any CPU.ActiveCfg = Debug|Any CPU
		{7248B19D-5D08-4972-B48A-D63757F97B06}.Debug|Any CPU.Build.0 = Debug|Any CPU
		{7248B19D-5D08-4972-B48A-D63757F97B06}.Release|Any CPU.ActiveCfg = Release|Any CPU
		{7248B19D-5D08-4972-B48A-D63757F97B06}.Release|Any CPU.Build.0 = Release|Any CPU
	EndGlobalSection
	GlobalSection(SolutionProperties) = preSolution
		HideSolutionNode = FALSE
	EndGlobalSection
	GlobalSection(ExtensibilityGlobals) = postSolution
		SolutionGuid = {DEE11AE5-5ABF-4E78-A4E5-99E2F984A58A}
	EndGlobalSection
EndGlobal
